
Microsoft Visual Studio Solution File, Format Version 12.00
# Visual Studio 15
VisualStudioVersion = 15.0.27004.2010
MinimumVisualStudioVersion = 10.0.40219.1
Project("{8BC9CEB8-8B4A-11D0-8D11-00A0C91BC942}") = "PaintNetServer_M4", "PaintNetServer_M4.vcxproj", "{B7A08A8B-19CE-41DE-9ADD-0406D6B4F0CE}"
EndProject
Global
	GlobalSection(SolutionConfigurationPlatforms) = preSolution
		Debug|x64 = Debug|x64
		Debug|x86 = Debug|x86
		Release|x64 = Release|x64
		Release|x86 = Release|x86
	EndGlobalSection
	GlobalSection(ProjectConfigurationPlatforms) = postSolution
		{B7A08A8B-19CE-41DE-9ADD-0406D6B4F0CE}.Debug|x64.ActiveCfg = Debug|x64
		{B7A08A8B-19CE-41DE-9ADD-0406D6B4F0CE}.Debug|x64.Build.0 = Debug|x64
		{B7A08A8B-19CE-41DE-9ADD-0406D6B4F0CE}.Debug|x86.ActiveCfg = Debug|Win32
		{B7A08A8B-19CE-41DE-9ADD-0406D6B4F0CE}.Debug|x86.Build.0 = Debug|Win32
		{B7A08A8B-19CE-41DE-9ADD-0406D6B4F0CE}.Release|x64.ActiveCfg = Release|x64
		{B7A08A8B-19CE-41DE-9ADD-0406D6B4F0CE}.Release|x64.Build.0 = Release|x64
		{B7A08A8B-19CE-41DE-9ADD-0406D6B4F0CE}.Release|x86.ActiveCfg = Release|Win32
		{B7A08A8B-19CE-41DE-9ADD-0406D6B4F0CE}.Release|x86.Build.0 = Release|Win32
	EndGlobalSection
	GlobalSection(SolutionProperties) = preSolution
		HideSolutionNode = FALSE
	EndGlobalSection
	GlobalSection(ExtensibilityGlobals) = postSolution
		SolutionGuid = {295D8A6A-FEE1-4EED-A333-A6A807BF60FB}
	EndGlobalSection
EndGlobal
